
Microsoft Visual Studio Solution File, Format Version 12.00
# Visual Studio Version 17
VisualStudioVersion = 17.4.33213.308
MinimumVisualStudioVersion = 10.0.40219.1
Project("{FAE04EC0-301F-11D3-BF4B-00C04F79EFBC}") = "Exam_Shop", "Exam_Shop\Exam_Shop.csproj", "{54228585-6D95-4CFC-94F6-8AA8203EB546}"
EndProject
Global
	GlobalSection(SolutionConfigurationPlatforms) = preSolution
		Debug|Any CPU = Debug|Any CPU
		Release|Any CPU = Release|Any CPU
	EndGlobalSection
	GlobalSection(ProjectConfigurationPlatforms) = postSolution
		{54228585-6D95-4CFC-94F6-8AA8203EB546}.Debug|Any CPU.ActiveCfg = Debug|Any CPU
		{54228585-6D95-4CFC-94F6-8AA8203EB546}.Debug|Any CPU.Build.0 = Debug|Any CPU
		{54228585-6D95-4CFC-94F6-8AA8203EB546}.Release|Any CPU.ActiveCfg = Release|Any CPU
		{54228585-6D95-4CFC-94F6-8AA8203EB546}.Release|Any CPU.Build.0 = Release|Any CPU
	EndGlobalSection
	GlobalSection(SolutionProperties) = preSolution
		HideSolutionNode = FALSE
	EndGlobalSection
	GlobalSection(ExtensibilityGlobals) = postSolution
		SolutionGuid = {35EFBED9-55F2-4C1F-98E4-7FC079C154BF}
	EndGlobalSection
EndGlobal
